<?xml version="1.0" encoding="utf-8"?>
<Project ToolsVersion="4.0" xmlns="http://schemas.microsoft.com/developer/msbuild/2003">
  <ItemGroup>
    <Filter Include="Исходные файлы">
      <UniqueIdentifier>{4FC737F1-C7A5-4376-A066-2A32D752A2FF}</UniqueIdentifier>
      <Extensions>cpp;c;cc;cxx;c++;cppm;ixx;def;odl;idl;hpj;bat;asm;asmx</Extensions>
    </Filter>
    <Filter Include="Файлы заголовков">
      <UniqueIdentifier>{93995380-89BD-4b04-88EB-625FBE52EBFB}</UniqueIdentifier>
      <Extensions>h;hh;hpp;hxx;h++;hm;inl;inc;ipp;xsd</Extensions>
    </Filter>
    <Filter Include="Файлы ресурсов">
      <UniqueIdentifier>{67DA6AB6-F800-4c08-8B7A-83BB121AAD01}</UniqueIdentifier>
      <Extensions>rc;ico;cur;bmp;dlg;rc2;rct;bin;rgs;gif;jpg;jpeg;jpe;resx;tiff;tif;png;wav;mfcribbon-ms</Extensions>
    </Filter>
  </ItemGroup>
  <ItemGroup>
    <ClCompile Include="EdKeys.cpp">
      <Filter>Исходные файлы</Filter>
    </ClCompile>
    <ClCompile Include="Client.cpp">
      <Filter>Исходные файлы</Filter>
    </ClCompile>
    <ClCompile Include="src\add_scalar.c">
      <Filter>Исходные файлы</Filter>
    </ClCompile>
    <ClCompile Include="src\fe.c">
      <Filter>Исходные файлы</Filter>
    </ClCompile>
    <ClCompile Include="src\ge.c">
      <Filter>Исходные файлы</Filter>
    </ClCompile>
    <ClCompile Include="src\key_exchange.c">
      <Filter>Исходные файлы</Filter>
    </ClCompile>
    <ClCompile Include="src\keypair.c">
      <Filter>Исходные файлы</Filter>
    </ClCompile>
    <ClCompile Include="src\sc.c">
      <Filter>Исходные файлы</Filter>
    </ClCompile>
    <ClCompile Include="src\seed.c">
      <Filter>Исходные файлы</Filter>
    </ClCompile>
    <ClCompile Include="src\sha512.c">
      <Filter>Исходные файлы</Filter>
    </ClCompile>
    <ClCompile Include="src\sign.c">
      <Filter>Исходные файлы</Filter>
    </ClCompile>
    <ClCompile Include="src\verify.c">
      <Filter>Исходные файлы</Filter>
    </ClCompile>
    <ClCompile Include="Helper.cpp">
      <Filter>Исходные файлы</Filter>
    </ClCompile>
    <ClCompile Include="protocol\auth.grpc.pb.cc">
      <Filter>Исходные файлы</Filter>
    </ClCompile>
    <ClCompile Include="protocol\auth.pb.cc">
      <Filter>Исходные файлы</Filter>
    </ClCompile>
    <ClCompile Include="protocol\common.grpc.pb.cc">
      <Filter>Исходные файлы</Filter>
    </ClCompile>
    <ClCompile Include="protocol\common.pb.cc">
      <Filter>Исходные файлы</Filter>
    </ClCompile>
    <ClCompile Include="protocol\internalAuth.grpc.pb.cc">
      <Filter>Исходные файлы</Filter>
    </ClCompile>
    <ClCompile Include="protocol\internalAuth.pb.cc">
      <Filter>Исходные файлы</Filter>
    </ClCompile>
    <ClCompile Include="protocol\internalCarousel.grpc.pb.cc">
      <Filter>Исходные файлы</Filter>
    </ClCompile>
    <ClCompile Include="protocol\internalCarousel.pb.cc">
      <Filter>Исходные файлы</Filter>
    </ClCompile>
    <ClCompile Include="protocol\internalItems.grpc.pb.cc">
      <Filter>Исходные файлы</Filter>
    </ClCompile>
    <ClCompile Include="protocol\internalItems.pb.cc">
      <Filter>Исходные файлы</Filter>
    </ClCompile>
    <ClCompile Include="protocol\internalMm.grpc.pb.cc">
      <Filter>Исходные файлы</Filter>
    </ClCompile>
    <ClCompile Include="protocol\internalMm.pb.cc">
      <Filter>Исходные файлы</Filter>
    </ClCompile>
    <ClCompile Include="protocol\internalUpdates.grpc.pb.cc">
      <Filter>Исходные файлы</Filter>
    </ClCompile>
    <ClCompile Include="protocol\internalUpdates.pb.cc">
      <Filter>Исходные файлы</Filter>
    </ClCompile>
    <ClCompile Include="protocol\items.grpc.pb.cc">
      <Filter>Исходные файлы</Filter>
    </ClCompile>
    <ClCompile Include="protocol\items.pb.cc">
      <Filter>Исходные файлы</Filter>
    </ClCompile>
    <ClCompile Include="protocol\mm.grpc.pb.cc">
      <Filter>Исходные файлы</Filter>
    </ClCompile>
    <ClCompile Include="protocol\mm.pb.cc">
      <Filter>Исходные файлы</Filter>
    </ClCompile>
    <ClCompile Include="protocol\updates.grpc.pb.cc">
      <Filter>Исходные файлы</Filter>
    </ClCompile>
    <ClCompile Include="protocol\updates.pb.cc">
      <Filter>Исходные файлы</Filter>
    </ClCompile>
    <ClCompile Include="protocol\users.grpc.pb.cc">
      <Filter>Исходные файлы</Filter>
    </ClCompile>
    <ClCompile Include="protocol\users.pb.cc">
      <Filter>Исходные файлы</Filter>
    </ClCompile>
  </ItemGroup>
  <ItemGroup>
    <ClInclude Include="EdKeys.h">
      <Filter>Файлы заголовков</Filter>
    </ClInclude>
    <ClInclude Include="src\ed25519.h">
      <Filter>Файлы заголовков</Filter>
    </ClInclude>
    <ClInclude Include="src\fe.h">
      <Filter>Файлы заголовков</Filter>
    </ClInclude>
    <ClInclude Include="src\fixedint.h">
      <Filter>Файлы заголовков</Filter>
    </ClInclude>
    <ClInclude Include="src\ge.h">
      <Filter>Файлы заголовков</Filter>
    </ClInclude>
    <ClInclude Include="src\precomp_data.h">
      <Filter>Файлы заголовков</Filter>
    </ClInclude>
    <ClInclude Include="src\sc.h">
      <Filter>Файлы заголовков</Filter>
    </ClInclude>
    <ClInclude Include="src\sha512.h">
      <Filter>Файлы заголовков</Filter>
    </ClInclude>
    <ClInclude Include="Helper.h">
      <Filter>Файлы заголовков</Filter>
    </ClInclude>
    <ClInclude Include="include\Client.h">
      <Filter>Файлы заголовков</Filter>
    </ClInclude>
    <ClInclude Include="protocol\auth.grpc.pb.h">
      <Filter>Файлы заголовков</Filter>
    </ClInclude>
    <ClInclude Include="protocol\auth.pb.h">
      <Filter>Файлы заголовков</Filter>
    </ClInclude>
    <ClInclude Include="protocol\common.grpc.pb.h">
      <Filter>Файлы заголовков</Filter>
    </ClInclude>
    <ClInclude Include="protocol\common.pb.h">
      <Filter>Файлы заголовков</Filter>
    </ClInclude>
    <ClInclude Include="protocol\internalAuth.grpc.pb.h">
      <Filter>Файлы заголовков</Filter>
    </ClInclude>
    <ClInclude Include="protocol\internalAuth.pb.h">
      <Filter>Файлы заголовков</Filter>
    </ClInclude>
    <ClInclude Include="protocol\internalCarousel.grpc.pb.h">
      <Filter>Файлы заголовков</Filter>
    </ClInclude>
    <ClInclude Include="protocol\internalCarousel.pb.h">
      <Filter>Файлы заголовков</Filter>
    </ClInclude>
    <ClInclude Include="protocol\internalItems.grpc.pb.h">
      <Filter>Файлы заголовков</Filter>
    </ClInclude>
    <ClInclude Include="protocol\internalItems.pb.h">
      <Filter>Файлы заголовков</Filter>
    </ClInclude>
    <ClInclude Include="protocol\internalMm.grpc.pb.h">
      <Filter>Файлы заголовков</Filter>
    </ClInclude>
    <ClInclude Include="protocol\internalMm.pb.h">
      <Filter>Файлы заголовков</Filter>
    </ClInclude>
    <ClInclude Include="protocol\internalUpdates.grpc.pb.h">
      <Filter>Файлы заголовков</Filter>
    </ClInclude>
    <ClInclude Include="protocol\internalUpdates.pb.h">
      <Filter>Файлы заголовков</Filter>
    </ClInclude>
    <ClInclude Include="protocol\items.grpc.pb.h">
      <Filter>Файлы заголовков</Filter>
    </ClInclude>
    <ClInclude Include="protocol\items.pb.h">
      <Filter>Файлы заголовков</Filter>
    </ClInclude>
    <ClInclude Include="protocol\mm.grpc.pb.h">
      <Filter>Файлы заголовков</Filter>
    </ClInclude>
    <ClInclude Include="protocol\mm.pb.h">
      <Filter>Файлы заголовков</Filter>
    </ClInclude>
    <ClInclude Include="protocol\updates.grpc.pb.h">
      <Filter>Файлы заголовков</Filter>
    </ClInclude>
    <ClInclude Include="protocol\updates.pb.h">
      <Filter>Файлы заголовков</Filter>
    </ClInclude>
    <ClInclude Include="protocol\users.grpc.pb.h">
      <Filter>Файлы заголовков</Filter>
    </ClInclude>
    <ClInclude Include="protocol\users.pb.h">
      <Filter>Файлы заголовков</Filter>
    </ClInclude>
  </ItemGroup>
</Project>